{
  "name": "trading-bot-propfirm",
  "lockfileVersion": 3,
  "requires": true,
  "packages": {
    "": {
      "name": "trading-bot-propfirm",
      "dependencies": {
        "@luxalgo/prop-firm-sim-core": "1.3.0"
      }
    },
    "node_modules/@luxalgo/prop-firm-sim-core": {
      "version": "1.3.0",
      "resolved": "https://registry.npmjs.org/@luxalgo/prop-firm-sim-core/-/prop-firm-sim-core-1.3.0.tgz",
      "integrity": "sha512-jtP9qq3GpnGM684AaKLOSNL8TD9Sk0aIDp2wvpW5m8B7qpcS05YbaB1nCRttBOGblW9NL/V48K80nFfQHc5Q7Q==",
      "license": "MIT",
      "dependencies": {
        "zod": "^4.1.0"
      },
      "engines": {
        "node": ">=20"
      }
    },
    "node_modules/zod": {
      "version": "4.6.5",
      "resolved": "https://registry.npmjs.org/zod/-/zod-4.6.5.tgz",
      "integrity": "sha512-v5l/aFXZQeai4awLbOpSoHecE9UiMrnfx75tEXLjNonXVARxQ5mOeipTjROUchszUNCqnE+hqAMujRsRHsut2Q==",
      "license": "MIT",
      "funding": {
        "url": "https://github.com/sponsors/colinhacks"
      }
    }
  }
}
